lockfileVersion: 5.4

importers:

  packages/utils:
    specifiers:
      dotenv: ^16.3.1
      dotenv-expand: ^10.0.0
    dependencies:
      dotenv: 16.3.1
      dotenv-expand: 10.0.0

packages:

  /dotenv-expand/10.0.0:
    resolution: {integrity: sha512-GopVGCpVS1UKH75VKHGuQFqS1Gusej0z4FyQkPdwjil2gNIv+LNsqBlboOzpJFZKVT95GkCyWJbBSdFEFUWI2A==}
    engines: {node: '>=12'}
    dev: false

  /dotenv/16.3.1:
    resolution: {integrity: sha512-IPzF4w4/Rd94bA9imS68tZBaYyBWSCE47V1RGuMrB94iyTOIEwRmVL2x/4An+6mETpLrKJ5hQkB8W4kFAadeIQ==}
    engines: {node: '>=12'}
    dev: false
